# This file is automatically @generated by Poetry 1.8.4 and should not be changed by hand.

[[package]]
name = "pymodbus"
version = "3.6.9"
description = "A fully featured modbus protocol stack in python"
optional = false
python-versions = ">=3.8.0"
files = [
    {file = "pymodbus-3.6.9-py3-none-any.whl", hash = "sha256:91dea79f157ca2d26c137190de76dce5a6c99c0ea514d2d1bf3980acbbdaf29c"},
    {file = "pymodbus-3.6.9.tar.gz", hash = "sha256:f4223b72c20cd00a2cf25f6ddb31ecb2c0587309111a55283b2f4a1ac115e4cc"},
]

[package.extras]
all = ["pymodbus[development,documentation,repl,serial,simulator]"]
development = ["build (>=1.1.1)", "codespell (>=2.2.6)", "coverage (>=7.4.3)", "mypy (>=1.9.0)", "pylint (>=3.1.0)", "pytest (>=8.1.0)", "pytest-asyncio (>=0.23.5.post1)", "pytest-cov (>=4.1.0)", "pytest-profiling (>=1.7.0)", "pytest-timeout (>=2.3.1)", "pytest-xdist (>=3.5.0)", "ruff (>=0.3.3)", "twine (>=5.0.0)", "types-Pygments", "types-pyserial"]
documentation = ["Sphinx (>=5.3.0)", "recommonmark (>=0.7.1)", "sphinx-rtd-theme (>=1.1.1)"]
repl = ["pymodbus-repl (>=2.0.3)"]
serial = ["pyserial (>=3.5)"]
simulator = ["aiohttp (>=3.8.6)", "aiohttp (>=3.9.0b0)"]

[metadata]
lock-version = "2.0"
python-versions = ">=3.8,<4.0"
content-hash = "43da2b2ba3a86eddfcd07615f6969917899bff6979a060975e16fb0e3abc425d"
